
Microsoft Visual Studio Solution File, Format Version 12.00
# Visual Studio 2012
Project("{FAE04EC0-301F-11D3-BF4B-00C04F79EFBC}") = "TaskList-Client", "TaskList-Client\TaskList-Client.csproj", "{96B5BF64-C43D-4CEA-A39A-969604FD992F}"
EndProject
Global
	GlobalSection(SolutionConfigurationPlatforms) = preSolution
		Debug|Any CPU = Debug|Any CPU
		Release|Any CPU = Release|Any CPU
	EndGlobalSection
	GlobalSection(ProjectConfigurationPlatforms) = postSolution
		{96B5BF64-C43D-4CEA-A39A-969604FD992F}.Debug|Any CPU.ActiveCfg = Debug|Any CPU
		{96B5BF64-C43D-4CEA-A39A-969604FD992F}.Debug|Any CPU.Build.0 = Debug|Any CPU
		{96B5BF64-C43D-4CEA-A39A-969604FD992F}.Release|Any CPU.ActiveCfg = Release|Any CPU
		{96B5BF64-C43D-4CEA-A39A-969604FD992F}.Release|Any CPU.Build.0 = Release|Any CPU
	EndGlobalSection
	GlobalSection(SolutionProperties) = preSolution
		HideSolutionNode = FALSE
	EndGlobalSection
EndGlobal
